PODS:
  - Flutter (1.0.0)
  - permission_handler_apple (9.1.1):
    - Flutter
  - WebEngage (6.5.0)
  - webengage_flutter (1.2.4):
    - Flutter
    - WebEngage (> 6.4.0)

DEPENDENCIES:
  - Flutter (from `Flutter`)
  - permission_handler_apple (from `.symlinks/plugins/permission_handler_apple/ios`)
  - webengage_flutter (from `.symlinks/plugins/webengage_flutter/ios`)

SPEC REPOS:
  trunk:
    - WebEngage

EXTERNAL SOURCES:
  Flutter:
    :path: Flutter
  permission_handler_apple:
    :path: ".symlinks/plugins/permission_handler_apple/ios"
  webengage_flutter:
    :path: ".symlinks/plugins/webengage_flutter/ios"

SPEC CHECKSUMS:
  Flutter: f04841e97a9d0b0a8025694d0796dd46242b2854
  permission_handler_apple: e76247795d700c14ea09e3a2d8855d41ee80a2e6
  WebEngage: 8389815a36b5ed2787fbf4495e716158944e3769
  webengage_flutter: 291bce3c9b2789f5336c1770c04e86e8ad55e492

PODFILE CHECKSUM: 663715e941f9adb426e33bf9376914006f9ea95b

COCOAPODS: 1.11.3
