PODS:
  - Flutter (1.0.0)
  - permission_handler_apple (9.1.1):
    - Flutter
  - WebEngage (6.4.3)
  - webengage_flutter (1.3.0):
    - Flutter
    - WebEngage (> 6.4.0)
  - WebEngageAppEx/ContentExtension (1.0.2):
    - WebEngageAppEx/CoreApi
  - WebEngageAppEx/CoreApi (1.0.2)
  - WebEngageBannerPush (1.0.2):
    - WebEngage (>= 6.4.0)

DEPENDENCIES:
  - Flutter (from `Flutter`)
  - permission_handler_apple (from `.symlinks/plugins/permission_handler_apple/ios`)
  - webengage_flutter (from `.symlinks/plugins/webengage_flutter/ios`)
  - WebEngageAppEx/ContentExtension
  - WebEngageBannerPush

SPEC REPOS:
  trunk:
    - WebEngage
    - WebEngageAppEx
    - WebEngageBannerPush

EXTERNAL SOURCES:
  Flutter:
    :path: Flutter
  permission_handler_apple:
    :path: ".symlinks/plugins/permission_handler_apple/ios"
  webengage_flutter:
    :path: ".symlinks/plugins/webengage_flutter/ios"

SPEC CHECKSUMS:
  Flutter: f04841e97a9d0b0a8025694d0796dd46242b2854
  permission_handler_apple: e76247795d700c14ea09e3a2d8855d41ee80a2e6
  WebEngage: ca7e05aac25af42ec35772d95b5daba000841951
  webengage_flutter: 87faa8ca0edd268cf3c5eda159d247bbbe423d87
  WebEngageAppEx: 48ddb2095e24592e812e046a22681d497b9a20e2
  WebEngageBannerPush: 470a5caa6978a429ba60a47ca249a90d271a7b1c

PODFILE CHECKSUM: c03e67247a3f10ff670629bcc6dbfcd7b2e95345

COCOAPODS: 1.11.3
